
Microsoft Visual Studio Solution File, Format Version 12.00
# Visual Studio Version 17
VisualStudioVersion = 17.11.35222.181
MinimumVisualStudioVersion = 10.0.40219.1
Project("{FAE04EC0-301F-11D3-BF4B-00C04F79EFBC}") = "SimpleClassConlsole", "SimpleClassConlsole\SimpleClassConlsole.csproj", "{050CB501-FFE1-40FB-9DC2-D86E898ACD63}"
EndProject
Global
	GlobalSection(SolutionConfigurationPlatforms) = preSolution
		Debug|Any CPU = Debug|Any CPU
		Release|Any CPU = Release|Any CPU
	EndGlobalSection
	GlobalSection(ProjectConfigurationPlatforms) = postSolution
		{050CB501-FFE1-40FB-9DC2-D86E898ACD63}.Debug|Any CPU.ActiveCfg = Debug|Any CPU
		{050CB501-FFE1-40FB-9DC2-D86E898ACD63}.Debug|Any CPU.Build.0 = Debug|Any CPU
		{050CB501-FFE1-40FB-9DC2-D86E898ACD63}.Release|Any CPU.ActiveCfg = Release|Any CPU
		{050CB501-FFE1-40FB-9DC2-D86E898ACD63}.Release|Any CPU.Build.0 = Release|Any CPU
	EndGlobalSection
	GlobalSection(SolutionProperties) = preSolution
		HideSolutionNode = FALSE
	EndGlobalSection
	GlobalSection(ExtensibilityGlobals) = postSolution
		SolutionGuid = {2D819E49-C533-496D-8530-A97370E6EE68}
	EndGlobalSection
EndGlobal
